<?xml version="1.0" encoding="utf-8"?>
<Project ToolsVersion="14.0" xmlns="http://schemas.microsoft.com/developer/msbuild/2003">
  <ItemGroup>
    <ClCompile Include="C:\src\PostProcessor\src\main.cc">
      <Filter>Source Files</Filter>
    </ClCompile>
    <ClCompile Include="C:\src\PostProcessor\src\processing.cc">
      <Filter>Source Files</Filter>
    </ClCompile>
    <ClCompile Include="C:\src\PostProcessor\src\Orientation.cc">
      <Filter>Source Files</Filter>
    </ClCompile>
    <ClCompile Include="C:\src\PostProcessor\src\cv.cc">
      <Filter>Source Files</Filter>
    </ClCompile>
    <ClCompile Include="C:\src\PostProcessor\src\util.cc">
      <Filter>Source Files</Filter>
    </ClCompile>
    <ClCompile Include="C:\src\PostProcessor\src\create360.cc">
      <Filter>Source Files</Filter>
    </ClCompile>
  </ItemGroup>
  <ItemGroup>
    <ClInclude Include="C:\src\PostProcessor\src\processing.h">
      <Filter>Header Files</Filter>
    </ClInclude>
    <ClInclude Include="C:\src\PostProcessor\src\Orientation.h">
      <Filter>Header Files</Filter>
    </ClInclude>
    <ClInclude Include="C:\src\PostProcessor\src\RingBuffer.h">
      <Filter>Header Files</Filter>
    </ClInclude>
    <ClInclude Include="C:\src\PostProcessor\src\cv.h">
      <Filter>Header Files</Filter>
    </ClInclude>
    <ClInclude Include="C:\src\PostProcessor\src\util.h">
      <Filter>Header Files</Filter>
    </ClInclude>
    <ClInclude Include="C:\src\PostProcessor\src\create360.h">
      <Filter>Header Files</Filter>
    </ClInclude>
    <ClInclude Include="..\src\path.h">
      <Filter>Header Files</Filter>
    </ClInclude>
  </ItemGroup>
  <ItemGroup>
    <CustomBuild Include="C:\src\PostProcessor\CMakeLists.txt" />
  </ItemGroup>
  <ItemGroup>
    <Filter Include="Source Files">
      <UniqueIdentifier>{934ECDCD-9EBF-3FC5-9C48-50059643F5AB}</UniqueIdentifier>
    </Filter>
    <Filter Include="Header Files">
      <UniqueIdentifier>{DB88EB47-1170-3323-9C26-00AF73B8CA51}</UniqueIdentifier>
    </Filter>
  </ItemGroup>
</Project>